
Microsoft Visual Studio Solution File, Format Version 12.00
# Visual Studio Version 17
VisualStudioVersion = 17.0.31903.59
MinimumVisualStudioVersion = 10.0.40219.1
Project("{FAE04EC0-301F-11D3-BF4B-00C04F79EFBC}") = "SparkVision.WinForms", "SparkVision.WinForms\SparkVision.WinForms.csproj", "{6A3DBEBC-6134-4E55-AC3C-B4389BDFF39E}"
EndProject
Project("{FAE04EC0-301F-11D3-BF4B-00C04F79EFBC}") = "SparkVision.Data", "SparkVision.Data\SparkVision.Data.csproj", "{F24AF02D-1C7E-4057-BE78-E2EA8E474483}"
EndProject
Project("{FAE04EC0-301F-11D3-BF4B-00C04F79EFBC}") = "SparkVision.Api", "SparkVision.Api\SparkVision.Api.csproj", "{94BF0219-967C-4E23-95AD-2016476DC567}"
EndProject
Project("{FAE04EC0-301F-11D3-BF4B-00C04F79EFBC}") = "SparkVision.Tests", "SparkVision.Tests\SparkVision.Tests.csproj", "{01CA288E-5D19-4C55-A81E-272FBC3BCF71}"
EndProject
Global
	GlobalSection(SolutionConfigurationPlatforms) = preSolution
		Debug|Any CPU = Debug|Any CPU
		Debug|x64 = Debug|x64
		Debug|x86 = Debug|x86
		Release|Any CPU = Release|Any CPU
		Release|x64 = Release|x64
		Release|x86 = Release|x86
	EndGlobalSection
	GlobalSection(ProjectConfigurationPlatforms) = postSolution
		{6A3DBEBC-6134-4E55-AC3C-B4389BDFF39E}.Debug|Any CPU.ActiveCfg = Debug|Any CPU
		{6A3DBEBC-6134-4E55-AC3C-B4389BDFF39E}.Debug|Any CPU.Build.0 = Debug|Any CPU
		{6A3DBEBC-6134-4E55-AC3C-B4389BDFF39E}.Debug|x64.ActiveCfg = Debug|Any CPU
		{6A3DBEBC-6134-4E55-AC3C-B4389BDFF39E}.Debug|x64.Build.0 = Debug|Any CPU
		{6A3DBEBC-6134-4E55-AC3C-B4389BDFF39E}.Debug|x86.ActiveCfg = Debug|Any CPU
		{6A3DBEBC-6134-4E55-AC3C-B4389BDFF39E}.Debug|x86.Build.0 = Debug|Any CPU
		{6A3DBEBC-6134-4E55-AC3C-B4389BDFF39E}.Release|Any CPU.ActiveCfg = Release|Any CPU
		{6A3DBEBC-6134-4E55-AC3C-B4389BDFF39E}.Release|Any CPU.Build.0 = Release|Any CPU
		{6A3DBEBC-6134-4E55-AC3C-B4389BDFF39E}.Release|x64.ActiveCfg = Release|Any CPU
		{6A3DBEBC-6134-4E55-AC3C-B4389BDFF39E}.Release|x64.Build.0 = Release|Any CPU
		{6A3DBEBC-6134-4E55-AC3C-B4389BDFF39E}.Release|x86.ActiveCfg = Release|Any CPU
		{6A3DBEBC-6134-4E55-AC3C-B4389BDFF39E}.Release|x86.Build.0 = Release|Any CPU
		{F24AF02D-1C7E-4057-BE78-E2EA8E474483}.Debug|Any CPU.ActiveCfg = Debug|Any CPU
		{F24AF02D-1C7E-4057-BE78-E2EA8E474483}.Debug|Any CPU.Build.0 = Debug|Any CPU
		{F24AF02D-1C7E-4057-BE78-E2EA8E474483}.Debug|x64.ActiveCfg = Debug|Any CPU
		{F24AF02D-1C7E-4057-BE78-E2EA8E474483}.Debug|x64.Build.0 = Debug|Any CPU
		{F24AF02D-1C7E-4057-BE78-E2EA8E474483}.Debug|x86.ActiveCfg = Debug|Any CPU
		{F24AF02D-1C7E-4057-BE78-E2EA8E474483}.Debug|x86.Build.0 = Debug|Any CPU
		{F24AF02D-1C7E-4057-BE78-E2EA8E474483}.Release|Any CPU.ActiveCfg = Release|Any CPU
		{F24AF02D-1C7E-4057-BE78-E2EA8E474483}.Release|Any CPU.Build.0 = Release|Any CPU
		{F24AF02D-1C7E-4057-BE78-E2EA8E474483}.Release|x64.ActiveCfg = Release|Any CPU
		{F24AF02D-1C7E-4057-BE78-E2EA8E474483}.Release|x64.Build.0 = Release|Any CPU
		{F24AF02D-1C7E-4057-BE78-E2EA8E474483}.Release|x86.ActiveCfg = Release|Any CPU
		{F24AF02D-1C7E-4057-BE78-E2EA8E474483}.Release|x86.Build.0 = Release|Any CPU
		{94BF0219-967C-4E23-95AD-2016476DC567}.Debug|Any CPU.ActiveCfg = Debug|Any CPU
		{94BF0219-967C-4E23-95AD-2016476DC567}.Debug|Any CPU.Build.0 = Debug|Any CPU
		{94BF0219-967C-4E23-95AD-2016476DC567}.Debug|x64.ActiveCfg = Debug|Any CPU
		{94BF0219-967C-4E23-95AD-2016476DC567}.Debug|x64.Build.0 = Debug|Any CPU
		{94BF0219-967C-4E23-95AD-2016476DC567}.Debug|x86.ActiveCfg = Debug|Any CPU
		{94BF0219-967C-4E23-95AD-2016476DC567}.Debug|x86.Build.0 = Debug|Any CPU
		{94BF0219-967C-4E23-95AD-2016476DC567}.Release|Any CPU.ActiveCfg = Release|Any CPU
		{94BF0219-967C-4E23-95AD-2016476DC567}.Release|Any CPU.Build.0 = Release|Any CPU
		{94BF0219-967C-4E23-95AD-2016476DC567}.Release|x64.ActiveCfg = Release|Any CPU
		{94BF0219-967C-4E23-95AD-2016476DC567}.Release|x64.Build.0 = Release|Any CPU
		{94BF0219-967C-4E23-95AD-2016476DC567}.Release|x86.ActiveCfg = Release|Any CPU
		{94BF0219-967C-4E23-95AD-2016476DC567}.Release|x86.Build.0 = Release|Any CPU
		{01CA288E-5D19-4C55-A81E-272FBC3BCF71}.Debug|Any CPU.ActiveCfg = Debug|Any CPU
		{01CA288E-5D19-4C55-A81E-272FBC3BCF71}.Debug|Any CPU.Build.0 = Debug|Any CPU
		{01CA288E-5D19-4C55-A81E-272FBC3BCF71}.Debug|x64.ActiveCfg = Debug|Any CPU
		{01CA288E-5D19-4C55-A81E-272FBC3BCF71}.Debug|x64.Build.0 = Debug|Any CPU
		{01CA288E-5D19-4C55-A81E-272FBC3BCF71}.Debug|x86.ActiveCfg = Debug|Any CPU
		{01CA288E-5D19-4C55-A81E-272FBC3BCF71}.Debug|x86.Build.0 = Debug|Any CPU
		{01CA288E-5D19-4C55-A81E-272FBC3BCF71}.Release|Any CPU.ActiveCfg = Release|Any CPU
		{01CA288E-5D19-4C55-A81E-272FBC3BCF71}.Release|Any CPU.Build.0 = Release|Any CPU
		{01CA288E-5D19-4C55-A81E-272FBC3BCF71}.Release|x64.ActiveCfg = Release|Any CPU
		{01CA288E-5D19-4C55-A81E-272FBC3BCF71}.Release|x64.Build.0 = Release|Any CPU
		{01CA288E-5D19-4C55-A81E-272FBC3BCF71}.Release|x86.ActiveCfg = Release|Any CPU
		{01CA288E-5D19-4C55-A81E-272FBC3BCF71}.Release|x86.Build.0 = Release|Any CPU
	EndGlobalSection
	GlobalSection(SolutionProperties) = preSolution
		HideSolutionNode = FALSE
	EndGlobalSection
EndGlobal
